{
  "nodes": {
    "nixpkgs": {
      "locked": {
        "lastModified": 1663578619,
        "narHash": "sha256-kNgJXZIr4pi2NbDUfjj4APa+LlCmRUM4Ly2Xf70PVaw=",
        "owner": "NixOS",
        "repo": "nixpkgs",
        "rev": "a13d59408da1108fc6c9ffe4750ab7a33c581d24",
        "type": "github"
      },
      "original": {
        "id": "nixpkgs",
        "type": "indirect"
      }
    },
    "root": {
      "inputs": {
        "nixpkgs": "nixpkgs",
        "vadi": "vadi"
      }
    },
    "vadi": {
      "inputs": {
        "nixpkgs": [
          "nixpkgs"
        ]
      },
      "locked": {
        "lastModified": 1663630541,
        "narHash": "sha256-yHEZ9DjhYmw7UV8AsvFsUHdGDa8ivu5hWNFo6Xp7fGI=",
        "owner": "ExpidusOS",
        "repo": "Vadi",
        "rev": "4864ab757b0355498e6f888b6499d3ec86d1c368",
        "type": "github"
      },
      "original": {
        "owner": "ExpidusOS",
        "ref": "feat/nix",
        "repo": "Vadi",
        "type": "github"
      }
    }
  },
  "root": "root",
  "version": 7
}
